
Microsoft Visual Studio Solution File, Format Version 12.00
# Visual Studio Version 16
VisualStudioVersion = 16.0.29418.71
MinimumVisualStudioVersion = 10.0.40219.1
Project("{FAE04EC0-301F-11D3-BF4B-00C04F79EFBC}") = "KangarooBoolean", "KangarooBoolean\KangarooBoolean.csproj", "{2A1E4E49-9E76-438C-9C5C-4E865505EDF7}"
EndProject
Global
	GlobalSection(SolutionConfigurationPlatforms) = preSolution
		Debug|Any CPU = Debug|Any CPU
		Debug|x64 = Debug|x64
		Release|Any CPU = Release|Any CPU
		Release|x64 = Release|x64
	EndGlobalSection
	GlobalSection(ProjectConfigurationPlatforms) = postSolution
		{2A1E4E49-9E76-438C-9C5C-4E865505EDF7}.Debug|Any CPU.ActiveCfg = Debug|Any CPU
		{2A1E4E49-9E76-438C-9C5C-4E865505EDF7}.Debug|Any CPU.Build.0 = Debug|Any CPU
		{2A1E4E49-9E76-438C-9C5C-4E865505EDF7}.Debug|x64.ActiveCfg = Debug|x64
		{2A1E4E49-9E76-438C-9C5C-4E865505EDF7}.Debug|x64.Build.0 = Debug|x64
		{2A1E4E49-9E76-438C-9C5C-4E865505EDF7}.Release|Any CPU.ActiveCfg = Release|Any CPU
		{2A1E4E49-9E76-438C-9C5C-4E865505EDF7}.Release|Any CPU.Build.0 = Release|Any CPU
		{2A1E4E49-9E76-438C-9C5C-4E865505EDF7}.Release|x64.ActiveCfg = Release|x64
		{2A1E4E49-9E76-438C-9C5C-4E865505EDF7}.Release|x64.Build.0 = Release|x64
	EndGlobalSection
	GlobalSection(SolutionProperties) = preSolution
		HideSolutionNode = FALSE
	EndGlobalSection
	GlobalSection(ExtensibilityGlobals) = postSolution
		SolutionGuid = {30F99A14-1B08-4FC5-9E94-4E3335AF2EB3}
	EndGlobalSection
EndGlobal
